
Microsoft Visual Studio Solution File, Format Version 12.00
# Visual Studio Version 16
VisualStudioVersion = 16.0.32929.386
MinimumVisualStudioVersion = 10.0.40219.1
Project("{FAE04EC0-301F-11D3-BF4B-00C04F79EFBC}") = "WebAPI", "WebAPI\WebAPI.csproj", "{0C03B2B8-55AE-4E8B-8723-5228101C5188}"
EndProject
Global
	GlobalSection(SolutionConfigurationPlatforms) = preSolution
		Debug|Any CPU = Debug|Any CPU
		Release|Any CPU = Release|Any CPU
	EndGlobalSection
	GlobalSection(ProjectConfigurationPlatforms) = postSolution
		{0C03B2B8-55AE-4E8B-8723-5228101C5188}.Debug|Any CPU.ActiveCfg = Debug|Any CPU
		{0C03B2B8-55AE-4E8B-8723-5228101C5188}.Debug|Any CPU.Build.0 = Debug|Any CPU
		{0C03B2B8-55AE-4E8B-8723-5228101C5188}.Release|Any CPU.ActiveCfg = Release|Any CPU
		{0C03B2B8-55AE-4E8B-8723-5228101C5188}.Release|Any CPU.Build.0 = Release|Any CPU
	EndGlobalSection
	GlobalSection(SolutionProperties) = preSolution
		HideSolutionNode = FALSE
	EndGlobalSection
	GlobalSection(ExtensibilityGlobals) = postSolution
		SolutionGuid = {CA88760A-E660-421D-A71B-1BEE84256968}
	EndGlobalSection
EndGlobal
